
Microsoft Visual Studio Solution File, Format Version 12.00
# Visual Studio Version 16
VisualStudioVersion = 16.0.29709.97
MinimumVisualStudioVersion = 10.0.40219.1
Project("{FAE04EC0-301F-11D3-BF4B-00C04F79EFBC}") = "CustomPizzaProgram", "CustomPizzaProgram\CustomPizzaProgram.csproj", "{82AE7C9D-1004-4EE9-BD90-D1CC2C29FC4B}"
EndProject
Global
	GlobalSection(SolutionConfigurationPlatforms) = preSolution
		Debug|Any CPU = Debug|Any CPU
		Release|Any CPU = Release|Any CPU
	EndGlobalSection
	GlobalSection(ProjectConfigurationPlatforms) = postSolution
		{82AE7C9D-1004-4EE9-BD90-D1CC2C29FC4B}.Debug|Any CPU.ActiveCfg = Debug|Any CPU
		{82AE7C9D-1004-4EE9-BD90-D1CC2C29FC4B}.Debug|Any CPU.Build.0 = Debug|Any CPU
		{82AE7C9D-1004-4EE9-BD90-D1CC2C29FC4B}.Release|Any CPU.ActiveCfg = Release|Any CPU
		{82AE7C9D-1004-4EE9-BD90-D1CC2C29FC4B}.Release|Any CPU.Build.0 = Release|Any CPU
	EndGlobalSection
	GlobalSection(SolutionProperties) = preSolution
		HideSolutionNode = FALSE
	EndGlobalSection
	GlobalSection(ExtensibilityGlobals) = postSolution
		SolutionGuid = {6746F5BD-350B-48FA-A43E-A2DFC6539409}
	EndGlobalSection
EndGlobal
